
Microsoft Visual Studio Solution File, Format Version 12.00
# Visual Studio Version 17
VisualStudioVersion = 17.8.34330.188
MinimumVisualStudioVersion = 10.0.40219.1
Project("{9A19103F-16F7-4668-BE54-9A1E7A4F7556}") = "Foody.Services.ProductApi", "Foody.Services.ProductApi.csproj", "{09E13718-7079-4522-ACD7-98E19FD411CE}"
EndProject
Global
	GlobalSection(SolutionConfigurationPlatforms) = preSolution
		Debug|Any CPU = Debug|Any CPU
		Release|Any CPU = Release|Any CPU
	EndGlobalSection
	GlobalSection(ProjectConfigurationPlatforms) = postSolution
		{09E13718-7079-4522-ACD7-98E19FD411CE}.Debug|Any CPU.ActiveCfg = Debug|Any CPU
		{09E13718-7079-4522-ACD7-98E19FD411CE}.Debug|Any CPU.Build.0 = Debug|Any CPU
		{09E13718-7079-4522-ACD7-98E19FD411CE}.Release|Any CPU.ActiveCfg = Release|Any CPU
		{09E13718-7079-4522-ACD7-98E19FD411CE}.Release|Any CPU.Build.0 = Release|Any CPU
	EndGlobalSection
	GlobalSection(SolutionProperties) = preSolution
		HideSolutionNode = FALSE
	EndGlobalSection
	GlobalSection(ExtensibilityGlobals) = postSolution
		SolutionGuid = {DB0662B8-6E89-477F-A587-7C98D2430254}
	EndGlobalSection
EndGlobal
